
Microsoft Visual Studio Solution File, Format Version 12.00
# Visual Studio Version 17
VisualStudioVersion = 17.8.34330.188
MinimumVisualStudioVersion = 10.0.40219.1
Project("{9A19103F-16F7-4668-BE54-9A1E7A4F7556}") = "CandyShop", "CandyShop\CandyShop.csproj", "{E2520EFF-A93B-4B11-BF38-CCB50D58E31F}"
EndProject
Project("{FAE04EC0-301F-11D3-BF4B-00C04F79EFBC}") = "CandyShop.UnitTests", "CandyShop.UnitTests\CandyShop.UnitTests.csproj", "{188D945F-E31D-4789-A66A-74A42F9AC15B}"
EndProject
Global
	GlobalSection(SolutionConfigurationPlatforms) = preSolution
		Debug|Any CPU = Debug|Any CPU
		Release|Any CPU = Release|Any CPU
	EndGlobalSection
	GlobalSection(ProjectConfigurationPlatforms) = postSolution
		{E2520EFF-A93B-4B11-BF38-CCB50D58E31F}.Debug|Any CPU.ActiveCfg = Debug|Any CPU
		{E2520EFF-A93B-4B11-BF38-CCB50D58E31F}.Debug|Any CPU.Build.0 = Debug|Any CPU
		{E2520EFF-A93B-4B11-BF38-CCB50D58E31F}.Release|Any CPU.ActiveCfg = Release|Any CPU
		{E2520EFF-A93B-4B11-BF38-CCB50D58E31F}.Release|Any CPU.Build.0 = Release|Any CPU
		{188D945F-E31D-4789-A66A-74A42F9AC15B}.Debug|Any CPU.ActiveCfg = Debug|Any CPU
		{188D945F-E31D-4789-A66A-74A42F9AC15B}.Debug|Any CPU.Build.0 = Debug|Any CPU
		{188D945F-E31D-4789-A66A-74A42F9AC15B}.Release|Any CPU.ActiveCfg = Release|Any CPU
		{188D945F-E31D-4789-A66A-74A42F9AC15B}.Release|Any CPU.Build.0 = Release|Any CPU
	EndGlobalSection
	GlobalSection(SolutionProperties) = preSolution
		HideSolutionNode = FALSE
	EndGlobalSection
	GlobalSection(ExtensibilityGlobals) = postSolution
		SolutionGuid = {C05D23D0-A730-4C62-AC28-2690221A876D}
	EndGlobalSection
EndGlobal
